
Microsoft Visual Studio Solution File, Format Version 12.00
# Visual Studio Version 17
VisualStudioVersion = 17.14.36414.22 d17.14
MinimumVisualStudioVersion = 10.0.40219.1
Project("{FAE04EC0-301F-11D3-BF4B-00C04F79EFBC}") = "Tender parsing", "Tender parsing\Tender parsing.csproj", "{F19E5248-0815-4A3B-B360-9E72EF450B01}"
EndProject
Global
	GlobalSection(SolutionConfigurationPlatforms) = preSolution
		Debug|Any CPU = Debug|Any CPU
		Release|Any CPU = Release|Any CPU
	EndGlobalSection
	GlobalSection(ProjectConfigurationPlatforms) = postSolution
		{F19E5248-0815-4A3B-B360-9E72EF450B01}.Debug|Any CPU.ActiveCfg = Debug|Any CPU
		{F19E5248-0815-4A3B-B360-9E72EF450B01}.Debug|Any CPU.Build.0 = Debug|Any CPU
		{F19E5248-0815-4A3B-B360-9E72EF450B01}.Release|Any CPU.ActiveCfg = Release|Any CPU
		{F19E5248-0815-4A3B-B360-9E72EF450B01}.Release|Any CPU.Build.0 = Release|Any CPU
	EndGlobalSection
	GlobalSection(SolutionProperties) = preSolution
		HideSolutionNode = FALSE
	EndGlobalSection
	GlobalSection(ExtensibilityGlobals) = postSolution
		SolutionGuid = {A21AC7AC-8CE6-43DB-B958-954A2A1EA5B0}
	EndGlobalSection
EndGlobal
